// !$*UTF8*$!
{
	archiveVersion = 1;
	classes = {
	};
	objectVersion = 46;
	objects = {

/* Begin PBXBuildFile section */
		2FD2030C1F147C27001A0CEB /* Main.storyboard in Resources */ = {isa = PBXBuildFile; fileRef = 2FD2030A1F147C27001A0CEB /* Main.storyboard */; };
		2FD2030E1F147C27001A0CEB /* Assets.xcassets in Resources */ = {isa = PBXBuildFile; fileRef = 2FD2030D1F147C27001A0CEB /* Assets.xcassets */; };
		2FD203111F147C27001A0CEB /* LaunchScreen.storyboard in Resources */ = {isa = PBXBuildFile; fileRef = 2FD2030F1F147C27001A0CEB /* LaunchScreen.storyboard */; };
		2FD2032E1F14817C001A0CEB /* AppDelegate.m in Sources */ = {isa = PBXBuildFile; fileRef = 2FD2032B1F14817C001A0CEB /* AppDelegate.m */; };
		2FD203331F148227001A0CEB /* Info.plist in Resources */ = {isa = PBXBuildFile; fileRef = 2FD203311F148227001A0CEB /* Info.plist */; };
		2FD203341F148227001A0CEB /* main.m in Sources */ = {isa = PBXBuildFile; fileRef = 2FD203321F148227001A0CEB /* main.m */; };
		2FD203371F148289001A0CEB /* YQHomeViewController.m in Sources */ = {isa = PBXBuildFile; fileRef = 2FD203361F148289001A0CEB /* YQHomeViewController.m */; };
		2FD203411F14857A001A0CEB /* YQtabBarViewController.m in Sources */ = {isa = PBXBuildFile; fileRef = 2FD203401F14857A001A0CEB /* YQtabBarViewController.m */; };
		2FD203441F14A02F001A0CEB /* YQTabBar.m in Sources */ = {isa = PBXBuildFile; fileRef = 2FD203431F14A02F001A0CEB /* YQTabBar.m */; };
		2FD203471F14AEA1001A0CEB /* YQMineViewController.m in Sources */ = {isa = PBXBuildFile; fileRef = 2FD203461F14AEA1001A0CEB /* YQMineViewController.m */; };
/* End PBXBuildFile section */

/* Begin PBXFileReference section */
		2FD202FE1F147C27001A0CEB /* CreativeCloud.app */ = {isa = PBXFileReference; explicitFileType = wrapper.application; includeInIndex = 0; path = CreativeCloud.app; sourceTree = BUILT_PRODUCTS_DIR; };
		2FD2030B1F147C27001A0CEB /* Base */ = {isa = PBXFileReference; lastKnownFileType = file.storyboard; name = Base; path = Base.lproj/Main.storyboard; sourceTree = "<group>"; };
		2FD2030D1F147C27001A0CEB /* Assets.xcassets */ = {isa = PBXFileReference; lastKnownFileType = folder.assetcatalog; path = Assets.xcassets; sourceTree = "<group>"; };
		2FD203101F147C27001A0CEB /* Base */ = {isa = PBXFileReference; lastKnownFileType = file.storyboard; name = Base; path = Base.lproj/LaunchScreen.storyboard; sourceTree = "<group>"; };
		2FD2032A1F14817C001A0CEB /* AppDelegate.h */ = {isa = PBXFileReference; fileEncoding = 4; lastKnownFileType = sourcecode.c.h; path = AppDelegate.h; sourceTree = "<group>"; };
		2FD2032B1F14817C001A0CEB /* AppDelegate.m */ = {isa = PBXFileReference; fileEncoding = 4; lastKnownFileType = sourcecode.c.objc; path = AppDelegate.m; sourceTree = "<group>"; };
		2FD203311F148227001A0CEB /* Info.plist */ = {isa = PBXFileReference; fileEncoding = 4; lastKnownFileType = text.plist.xml; path = Info.plist; sourceTree = "<group>"; };
		2FD203321F148227001A0CEB /* main.m */ = {isa = PBXFileReference; fileEncoding = 4; lastKnownFileType = sourcecode.c.objc; path = main.m; sourceTree = "<group>"; };
		2FD203351F148289001A0CEB /* YQHomeViewController.h */ = {isa = PBXFileReference; fileEncoding = 4; lastKnownFileType = sourcecode.c.h; path = YQHomeViewController.h; sourceTree = "<group>"; };
		2FD203361F148289001A0CEB /* YQHomeViewController.m */ = {isa = PBXFileReference; fileEncoding = 4; lastKnownFileType = sourcecode.c.objc; path = YQHomeViewController.m; sourceTree = "<group>"; };
		2FD2033F1F14857A001A0CEB /* YQtabBarViewController.h */ = {isa = PBXFileReference; fileEncoding = 4; lastKnownFileType = sourcecode.c.h; path = YQtabBarViewController.h; sourceTree = "<group>"; };
		2FD203401F14857A001A0CEB /* YQtabBarViewController.m */ = {isa = PBXFileReference; fileEncoding = 4; lastKnownFileType = sourcecode.c.objc; path = YQtabBarViewController.m; sourceTree = "<group>"; };
		2FD203421F14A02F001A0CEB /* YQTabBar.h */ = {isa = PBXFileReference; fileEncoding = 4; lastKnownFileType = sourcecode.c.h; path = YQTabBar.h; sourceTree = "<group>"; };
		2FD203431F14A02F001A0CEB /* YQTabBar.m */ = {isa = PBXFileReference; fileEncoding = 4; lastKnownFileType = sourcecode.c.objc; path = YQTabBar.m; sourceTree = "<group>"; };
		2FD203451F14AEA1001A0CEB /* YQMineViewController.h */ = {isa = PBXFileReference; fileEncoding = 4; lastKnownFileType = sourcecode.c.h; path = YQMineViewController.h; sourceTree = "<group>"; };
		2FD203461F14AEA1001A0CEB /* YQMineViewController.m */ = {isa = PBXFileReference; fileEncoding = 4; lastKnownFileType = sourcecode.c.objc; path = YQMineViewController.m; sourceTree = "<group>"; };
/* End PBXFileReference section */

/* Begin PBXFrameworksBuildPhase section */
		2FD202FB1F147C27001A0CEB /* Frameworks */ = {
			isa = PBXFrameworksBuildPhase;
			buildActionMask = 2147483647;
			files = (
			);
			runOnlyForDeploymentPostprocessing = 0;
		};
/* End PBXFrameworksBuildPhase section */

/* Begin PBXGroup section */
		2FD202F51F147C27001A0CEB = {
			isa = PBXGroup;
			children = (
				2FD203001F147C27001A0CEB /* CreativeCloud */,
				2FD202FF1F147C27001A0CEB /* Products */,
			);
			sourceTree = "<group>";
		};
		2FD202FF1F147C27001A0CEB /* Products */ = {
			isa = PBXGroup;
			children = (
				2FD202FE1F147C27001A0CEB /* CreativeCloud.app */,
			);
			name = Products;
			sourceTree = "<group>";
		};
		2FD203001F147C27001A0CEB /* CreativeCloud */ = {
			isa = PBXGroup;
			children = (
				2FD2033C1F148516001A0CEB /* Tabbar */,
				2FD203381F148507001A0CEB /* Mine */,
				2FD203251F148167001A0CEB /* Home */,
				2FD203291F14817C001A0CEB /* Other */,
				2FD2030D1F147C27001A0CEB /* Assets.xcassets */,
				2FD203011F147C27001A0CEB /* Supporting Files */,
			);
			path = CreativeCloud;
			sourceTree = "<group>";
		};
		2FD203011F147C27001A0CEB /* Supporting Files */ = {
			isa = PBXGroup;
			children = (
				2FD203311F148227001A0CEB /* Info.plist */,
				2FD203321F148227001A0CEB /* main.m */,
				2FD2030F1F147C27001A0CEB /* LaunchScreen.storyboard */,
			);
			name = "Supporting Files";
			sourceTree = "<group>";
		};
		2FD203251F148167001A0CEB /* Home */ = {
			isa = PBXGroup;
			children = (
				2FD203261F148167001A0CEB /* Controller */,
				2FD203271F148167001A0CEB /* Model */,
				2FD203281F148167001A0CEB /* View */,
			);
			path = Home;
			sourceTree = "<group>";
		};
		2FD203261F148167001A0CEB /* Controller */ = {
			isa = PBXGroup;
			children = (
				2FD203351F148289001A0CEB /* YQHomeViewController.h */,
				2FD203361F148289001A0CEB /* YQHomeViewController.m */,
			);
			path = Controller;
			sourceTree = "<group>";
		};
		2FD203271F148167001A0CEB /* Model */ = {
			isa = PBXGroup;
			children = (
			);
			path = Model;
			sourceTree = "<group>";
		};
		2FD203281F148167001A0CEB /* View */ = {
			isa = PBXGroup;
			children = (
			);
			path = View;
			sourceTree = "<group>";
		};
		2FD203291F14817C001A0CEB /* Other */ = {
			isa = PBXGroup;
			children = (
				2FD2032A1F14817C001A0CEB /* AppDelegate.h */,
				2FD2032B1F14817C001A0CEB /* AppDelegate.m */,
				2FD2030A1F147C27001A0CEB /* Main.storyboard */,
			);
			path = Other;
			sourceTree = "<group>";
		};
		2FD203381F148507001A0CEB /* Mine */ = {
			isa = PBXGroup;
			children = (
				2FD203391F148507001A0CEB /* Controller */,
				2FD2033A1F148507001A0CEB /* Model */,
				2FD2033B1F148507001A0CEB /* View */,
			);
			path = Mine;
			sourceTree = "<group>";
		};
		2FD203391F148507001A0CEB /* Controller */ = {
			isa = PBXGroup;
			children = (
				2FD203451F14AEA1001A0CEB /* YQMineViewController.h */,
				2FD203461F14AEA1001A0CEB /* YQMineViewController.m */,
			);
			path = Controller;
			sourceTree = "<group>";
		};
		2FD2033A1F148507001A0CEB /* Model */ = {
			isa = PBXGroup;
			children = (
			);
			path = Model;
			sourceTree = "<group>";
		};
		2FD2033B1F148507001A0CEB /* View */ = {
			isa = PBXGroup;
			children = (
			);
			path = View;
			sourceTree = "<group>";
		};
		2FD2033C1F148516001A0CEB /* Tabbar */ = {
			isa = PBXGroup;
			children = (
				2FD2033D1F148516001A0CEB /* Colltroller */,
				2FD2033E1F148516001A0CEB /* View */,
			);
			path = Tabbar;
			sourceTree = "<group>";
		};
		2FD2033D1F148516001A0CEB /* Colltroller */ = {
			isa = PBXGroup;
			children = (
				2FD2033F1F14857A001A0CEB /* YQtabBarViewController.h */,
				2FD203401F14857A001A0CEB /* YQtabBarViewController.m */,
			);
			path = Colltroller;
			sourceTree = "<group>";
		};
		2FD2033E1F148516001A0CEB /* View */ = {
			isa = PBXGroup;
			children = (
				2FD203421F14A02F001A0CEB /* YQTabBar.h */,
				2FD203431F14A02F001A0CEB /* YQTabBar.m */,
			);
			path = View;
			sourceTree = "<group>";
		};
/* End PBXGroup section */

/* Begin PBXNativeTarget section */
		2FD202FD1F147C27001A0CEB /* CreativeCloud */ = {
			isa = PBXNativeTarget;
			buildConfigurationList = 2FD203151F147C27001A0CEB /* Build configuration list for PBXNativeTarget "CreativeCloud" */;
			buildPhases = (
				2FD202FA1F147C27001A0CEB /* Sources */,
				2FD202FB1F147C27001A0CEB /* Frameworks */,
				2FD202FC1F147C27001A0CEB /* Resources */,
			);
			buildRules = (
			);
			dependencies = (
			);
			name = CreativeCloud;
			productName = CreativeCloud;
			productReference = 2FD202FE1F147C27001A0CEB /* CreativeCloud.app */;
			productType = "com.apple.product-type.application";
		};
/* End PBXNativeTarget section */

/* Begin PBXProject section */
		2FD202F61F147C27001A0CEB /* Project object */ = {
			isa = PBXProject;
			attributes = {
				CLASSPREFIX = YQ;
				LastUpgradeCheck = 0830;
				ORGANIZATIONNAME = "";
				TargetAttributes = {
					2FD202FD1F147C27001A0CEB = {
						CreatedOnToolsVersion = 8.3.1;
						DevelopmentTeam = HVL2C5A8LT;
						ProvisioningStyle = Automatic;
					};
				};
			};
			buildConfigurationList = 2FD202F91F147C27001A0CEB /* Build configuration list for PBXProject "CreativeCloud" */;
			compatibilityVersion = "Xcode 3.2";
			developmentRegion = English;
			hasScannedForEncodings = 0;
			knownRegions = (
				en,
				Base,
			);
			mainGroup = 2FD202F51F147C27001A0CEB;
			productRefGroup = 2FD202FF1F147C27001A0CEB /* Products */;
			projectDirPath = "";
			projectRoot = "";
			targets = (
				2FD202FD1F147C27001A0CEB /* CreativeCloud */,
			);
		};
/* End PBXProject section */

/* Begin PBXResourcesBuildPhase section */
		2FD202FC1F147C27001A0CEB /* Resources */ = {
			isa = PBXResourcesBuildPhase;
			buildActionMask = 2147483647;
			files = (
				2FD203111F147C27001A0CEB /* LaunchScreen.storyboard in Resources */,
				2FD2030E1F147C27001A0CEB /* Assets.xcassets in Resources */,
				2FD2030C1F147C27001A0CEB /* Main.storyboard in Resources */,
				2FD203331F148227001A0CEB /* Info.plist in Resources */,
			);
			runOnlyForDeploymentPostprocessing = 0;
		};
/* End PBXResourcesBuildPhase section */

/* Begin PBXSourcesBuildPhase section */
		2FD202FA1F147C27001A0CEB /* Sources */ = {
			isa = PBXSourcesBuildPhase;
			buildActionMask = 2147483647;
			files = (
				2FD203441F14A02F001A0CEB /* YQTabBar.m in Sources */,
				2FD203411F14857A001A0CEB /* YQtabBarViewController.m in Sources */,
				2FD203341F148227001A0CEB /* main.m in Sources */,
				2FD2032E1F14817C001A0CEB /* AppDelegate.m in Sources */,
				2FD203371F148289001A0CEB /* YQHomeViewController.m in Sources */,
				2FD203471F14AEA1001A0CEB /* YQMineViewController.m in Sources */,
			);
			runOnlyForDeploymentPostprocessing = 0;
		};
/* End PBXSourcesBuildPhase section */

/* Begin PBXVariantGroup section */
		2FD2030A1F147C27001A0CEB /* Main.storyboard */ = {
			isa = PBXVariantGroup;
			children = (
				2FD2030B1F147C27001A0CEB /* Base */,
			);
			name = Main.storyboard;
			path = ..;
			sourceTree = "<group>";
		};
		2FD2030F1F147C27001A0CEB /* LaunchScreen.storyboard */ = {
			isa = PBXVariantGroup;
			children = (
				2FD203101F147C27001A0CEB /* Base */,
			);
			name = LaunchScreen.storyboard;
			sourceTree = "<group>";
		};
/* End PBXVariantGroup section */

/* Begin XCBuildConfiguration section */
		2FD203131F147C27001A0CEB /* Debug */ = {
			isa = XCBuildConfiguration;
			buildSettings = {
				ALWAYS_SEARCH_USER_PATHS = NO;
				CLANG_ANALYZER_NONNULL = YES;
				CLANG_ANALYZER_NUMBER_OBJECT_CONVERSION = YES_AGGRESSIVE;
				CLANG_CXX_LANGUAGE_STANDARD = "gnu++0x";
				CLANG_CXX_LIBRARY = "libc++";
				CLANG_ENABLE_MODULES = YES;
				CLANG_ENABLE_OBJC_ARC = YES;
				CLANG_WARN_BOOL_CONVERSION = YES;
				CLANG_WARN_CONSTANT_CONVERSION = YES;
				CLANG_WARN_DIRECT_OBJC_ISA_USAGE = YES_ERROR;
				CLANG_WARN_DOCUMENTATION_COMMENTS = YES;
				CLANG_WARN_EMPTY_BODY = YES;
				CLANG_WARN_ENUM_CONVERSION = YES;
				CLANG_WARN_INFINITE_RECURSION = YES;
				CLANG_WARN_INT_CONVERSION = YES;
				CLANG_WARN_OBJC_ROOT_CLASS = YES_ERROR;
				CLANG_WARN_SUSPICIOUS_MOVE = YES;
				CLANG_WARN_UNREACHABLE_CODE = YES;
				CLANG_WARN__DUPLICATE_METHOD_MATCH = YES;
				"CODE_SIGN_IDENTITY[sdk=iphoneos*]" = "iPhone Developer";
				COPY_PHASE_STRIP = NO;
				DEBUG_INFORMATION_FORMAT = dwarf;
				ENABLE_STRICT_OBJC_MSGSEND = YES;
				ENABLE_TESTABILITY = YES;
				GCC_C_LANGUAGE_STANDARD = gnu99;
				GCC_DYNAMIC_NO_PIC = NO;
				GCC_NO_COMMON_BLOCKS = YES;
				GCC_OPTIMIZATION_LEVEL = 0;
				GCC_PREPROCESSOR_DEFINITIONS = (
					"DEBUG=1",
					"$(inherited)",
				);
				GCC_WARN_64_TO_32_BIT_CONVERSION = YES;
				GCC_WARN_ABOUT_RETURN_TYPE = YES_ERROR;
				GCC_WARN_UNDECLARED_SELECTOR = YES;
				GCC_WARN_UNINITIALIZED_AUTOS = YES_AGGRESSIVE;
				GCC_WARN_UNUSED_FUNCTION = YES;
				GCC_WARN_UNUSED_VARIABLE = YES;
				IPHONEOS_DEPLOYMENT_TARGET = 10.3;
				MTL_ENABLE_DEBUG_INFO = YES;
				ONLY_ACTIVE_ARCH = YES;
				SDKROOT = iphoneos;
				TARGETED_DEVICE_FAMILY = "1,2";
			};
			name = Debug;
		};
		2FD203141F147C27001A0CEB /* Release */ = {
			isa = XCBuildConfiguration;
			buildSettings = {
				ALWAYS_SEARCH_USER_PATHS = NO;
				CLANG_ANALYZER_NONNULL = YES;
				CLANG_ANALYZER_NUMBER_OBJECT_CONVERSION = YES_AGGRESSIVE;
				CLANG_CXX_LANGUAGE_STANDARD = "gnu++0x";
				CLANG_CXX_LIBRARY = "libc++";
				CLANG_ENABLE_MODULES = YES;
				CLANG_ENABLE_OBJC_ARC = YES;
				CLANG_WARN_BOOL_CONVERSION = YES;
				CLANG_WARN_CONSTANT_CONVERSION = YES;
				CLANG_WARN_DIRECT_OBJC_ISA_USAGE = YES_ERROR;
				CLANG_WARN_DOCUMENTATION_COMMENTS = YES;
				CLANG_WARN_EMPTY_BODY = YES;
				CLANG_WARN_ENUM_CONVERSION = YES;
				CLANG_WARN_INFINITE_RECURSION = YES;
				CLANG_WARN_INT_CONVERSION = YES;
				CLANG_WARN_OBJC_ROOT_CLASS = YES_ERROR;
				CLANG_WARN_SUSPICIOUS_MOVE = YES;
				CLANG_WARN_UNREACHABLE_CODE = YES;
				CLANG_WARN__DUPLICATE_METHOD_MATCH = YES;
				"CODE_SIGN_IDENTITY[sdk=iphoneos*]" = "iPhone Developer";
				COPY_PHASE_STRIP = NO;
				DEBUG_INFORMATION_FORMAT = "dwarf-with-dsym";
				ENABLE_NS_ASSERTIONS = NO;
				ENABLE_STRICT_OBJC_MSGSEND = YES;
				GCC_C_LANGUAGE_STANDARD = gnu99;
				GCC_NO_COMMON_BLOCKS = YES;
				GCC_WARN_64_TO_32_BIT_CONVERSION = YES;
				GCC_WARN_ABOUT_RETURN_TYPE = YES_ERROR;
				GCC_WARN_UNDECLARED_SELECTOR = YES;
				GCC_WARN_UNINITIALIZED_AUTOS = YES_AGGRESSIVE;
				GCC_WARN_UNUSED_FUNCTION = YES;
				GCC_WARN_UNUSED_VARIABLE = YES;
				IPHONEOS_DEPLOYMENT_TARGET = 10.3;
				MTL_ENABLE_DEBUG_INFO = NO;
				SDKROOT = iphoneos;
				TARGETED_DEVICE_FAMILY = "1,2";
				VALIDATE_PRODUCT = YES;
			};
			name = Release;
		};
		2FD203161F147C27001A0CEB /* Debug */ = {
			isa = XCBuildConfiguration;
			buildSettings = {
				ASSETCATALOG_COMPILER_APPICON_NAME = AppIcon;
				DEVELOPMENT_TEAM = HVL2C5A8LT;
				INFOPLIST_FILE = CreativeCloud/Info.plist;
				LD_RUNPATH_SEARCH_PATHS = "$(inherited) @executable_path/Frameworks";
				PRODUCT_BUNDLE_IDENTIFIER = HN.CreativeCloud;
				PRODUCT_NAME = "$(TARGET_NAME)";
			};
			name = Debug;
		};
		2FD203171F147C27001A0CEB /* Release */ = {
			isa = XCBuildConfiguration;
			buildSettings = {
				ASSETCATALOG_COMPILER_APPICON_NAME = AppIcon;
				DEVELOPMENT_TEAM = HVL2C5A8LT;
				INFOPLIST_FILE = CreativeCloud/Info.plist;
				LD_RUNPATH_SEARCH_PATHS = "$(inherited) @executable_path/Frameworks";
				PRODUCT_BUNDLE_IDENTIFIER = HN.CreativeCloud;
				PRODUCT_NAME = "$(TARGET_NAME)";
			};
			name = Release;
		};
/* End XCBuildConfiguration section */

/* Begin XCConfigurationList section */
		2FD202F91F147C27001A0CEB /* Build configuration list for PBXProject "CreativeCloud" */ = {
			isa = XCConfigurationList;
			buildConfigurations = (
				2FD203131F147C27001A0CEB /* Debug */,
				2FD203141F147C27001A0CEB /* Release */,
			);
			defaultConfigurationIsVisible = 0;
			defaultConfigurationName = Release;
		};
		2FD203151F147C27001A0CEB /* Build configuration list for PBXNativeTarget "CreativeCloud" */ = {
			isa = XCConfigurationList;
			buildConfigurations = (
				2FD203161F147C27001A0CEB /* Debug */,
				2FD203171F147C27001A0CEB /* Release */,
			);
			defaultConfigurationIsVisible = 0;
			defaultConfigurationName = Release;
		};
/* End XCConfigurationList section */
	};
	rootObject = 2FD202F61F147C27001A0CEB /* Project object */;
}
