// !$*UTF8*$!
{
	archiveVersion = 1;
	classes = {
	};
	objectVersion = 46;
	objects = {

/* Begin PBXBuildFile section */
		2F5011B61F1863FA00AF2E26 /* UIView+SDExtension.m in Sources */ = {isa = PBXBuildFile; fileRef = 2F5011B51F1863FA00AF2E26 /* UIView+SDExtension.m */; };
		2F5177DB1F15B58900F63EC4 /* YQPersonalTableViewController.m in Sources */ = {isa = PBXBuildFile; fileRef = 2F5177DA1F15B58900F63EC4 /* YQPersonalTableViewController.m */; };
		2F5177DE1F15B5CF00F63EC4 /* YQEnterpriseTableViewController.m in Sources */ = {isa = PBXBuildFile; fileRef = 2F5177DD1F15B5CF00F63EC4 /* YQEnterpriseTableViewController.m */; };
		2F5177E01F15BBE700F63EC4 /* YQHome.storyboard in Resources */ = {isa = PBXBuildFile; fileRef = 2F5177DF1F15BBE700F63EC4 /* YQHome.storyboard */; };
		2F5177E21F15BE0600F63EC4 /* YQMine.storyboard in Resources */ = {isa = PBXBuildFile; fileRef = 2F5177E11F15BE0600F63EC4 /* YQMine.storyboard */; };
		2FC4596B1F171EE300C84DA7 /* YQCategoryView.m in Sources */ = {isa = PBXBuildFile; fileRef = 2FC4596A1F171EE300C84DA7 /* YQCategoryView.m */; };
		2FC4596D1F171F0300C84DA7 /* YQCategory.xib in Resources */ = {isa = PBXBuildFile; fileRef = 2FC4596C1F171F0300C84DA7 /* YQCategory.xib */; };
		2FC459891F1747CE00C84DA7 /* MASCompositeConstraint.m in Sources */ = {isa = PBXBuildFile; fileRef = 2FC459711F1747CE00C84DA7 /* MASCompositeConstraint.m */; };
		2FC4598A1F1747CE00C84DA7 /* MASConstraint.m in Sources */ = {isa = PBXBuildFile; fileRef = 2FC459741F1747CE00C84DA7 /* MASConstraint.m */; };
		2FC4598B1F1747CE00C84DA7 /* MASConstraintMaker.m in Sources */ = {isa = PBXBuildFile; fileRef = 2FC459761F1747CE00C84DA7 /* MASConstraintMaker.m */; };
		2FC4598C1F1747CE00C84DA7 /* MASLayoutConstraint.m in Sources */ = {isa = PBXBuildFile; fileRef = 2FC459781F1747CE00C84DA7 /* MASLayoutConstraint.m */; };
		2FC4598D1F1747CE00C84DA7 /* MASViewAttribute.m in Sources */ = {isa = PBXBuildFile; fileRef = 2FC4597C1F1747CE00C84DA7 /* MASViewAttribute.m */; };
		2FC4598E1F1747CE00C84DA7 /* MASViewConstraint.m in Sources */ = {isa = PBXBuildFile; fileRef = 2FC4597E1F1747CE00C84DA7 /* MASViewConstraint.m */; };
		2FC4598F1F1747CE00C84DA7 /* NSArray+MASAdditions.m in Sources */ = {isa = PBXBuildFile; fileRef = 2FC459801F1747CE00C84DA7 /* NSArray+MASAdditions.m */; };
		2FC459901F1747CE00C84DA7 /* NSLayoutConstraint+MASDebugAdditions.m in Sources */ = {isa = PBXBuildFile; fileRef = 2FC459831F1747CE00C84DA7 /* NSLayoutConstraint+MASDebugAdditions.m */; };
		2FC459911F1747CE00C84DA7 /* View+MASAdditions.m in Sources */ = {isa = PBXBuildFile; fileRef = 2FC459851F1747CE00C84DA7 /* View+MASAdditions.m */; };
		2FC459921F1747CE00C84DA7 /* ViewController+MASAdditions.m in Sources */ = {isa = PBXBuildFile; fileRef = 2FC459881F1747CE00C84DA7 /* ViewController+MASAdditions.m */; };
		2FC459941F1761E000C84DA7 /* YQPersonal.storyboard in Resources */ = {isa = PBXBuildFile; fileRef = 2FC459931F1761E000C84DA7 /* YQPersonal.storyboard */; };
		2FC459971F17684D00C84DA7 /* YQCycleView.m in Sources */ = {isa = PBXBuildFile; fileRef = 2FC459961F17684D00C84DA7 /* YQCycleView.m */; };
		2FC459A81F17687300C84DA7 /* TAAbstractDotView.m in Sources */ = {isa = PBXBuildFile; fileRef = 2FC4599B1F17687300C84DA7 /* TAAbstractDotView.m */; };
		2FC459A91F17687300C84DA7 /* TAAnimatedDotView.m in Sources */ = {isa = PBXBuildFile; fileRef = 2FC4599D1F17687300C84DA7 /* TAAnimatedDotView.m */; };
		2FC459AA1F17687300C84DA7 /* TADotView.m in Sources */ = {isa = PBXBuildFile; fileRef = 2FC4599F1F17687300C84DA7 /* TADotView.m */; };
		2FC459AB1F17687300C84DA7 /* TAPageControl.m in Sources */ = {isa = PBXBuildFile; fileRef = 2FC459A11F17687300C84DA7 /* TAPageControl.m */; };
		2FC459AC1F17687300C84DA7 /* SDCollectionViewCell.m in Sources */ = {isa = PBXBuildFile; fileRef = 2FC459A31F17687300C84DA7 /* SDCollectionViewCell.m */; };
		2FC459AD1F17687300C84DA7 /* SDCycleScrollView.m in Sources */ = {isa = PBXBuildFile; fileRef = 2FC459A51F17687300C84DA7 /* SDCycleScrollView.m */; };
		2FC459AE1F17687300C84DA7 /* UIView+SDExtension.m in Sources */ = {isa = PBXBuildFile; fileRef = 2FC459A71F17687300C84DA7 /* UIView+SDExtension.m */; };
		2FC459D31F1768E100C84DA7 /* NSData+ImageContentType.m in Sources */ = {isa = PBXBuildFile; fileRef = 2FC459B11F1768E100C84DA7 /* NSData+ImageContentType.m */; };
		2FC459D41F1768E100C84DA7 /* NSImage+WebCache.m in Sources */ = {isa = PBXBuildFile; fileRef = 2FC459B31F1768E100C84DA7 /* NSImage+WebCache.m */; };
		2FC459D51F1768E100C84DA7 /* SDImageCache.m in Sources */ = {isa = PBXBuildFile; fileRef = 2FC459B51F1768E100C84DA7 /* SDImageCache.m */; };
		2FC459D61F1768E100C84DA7 /* SDImageCacheConfig.m in Sources */ = {isa = PBXBuildFile; fileRef = 2FC459B71F1768E100C84DA7 /* SDImageCacheConfig.m */; };
		2FC459D71F1768E100C84DA7 /* SDWebImageCompat.m in Sources */ = {isa = PBXBuildFile; fileRef = 2FC459B91F1768E100C84DA7 /* SDWebImageCompat.m */; };
		2FC459D81F1768E100C84DA7 /* SDWebImageDecoder.m in Sources */ = {isa = PBXBuildFile; fileRef = 2FC459BB1F1768E100C84DA7 /* SDWebImageDecoder.m */; };
		2FC459D91F1768E100C84DA7 /* SDWebImageDownloader.m in Sources */ = {isa = PBXBuildFile; fileRef = 2FC459BD1F1768E100C84DA7 /* SDWebImageDownloader.m */; };
		2FC459DA1F1768E100C84DA7 /* SDWebImageDownloaderOperation.m in Sources */ = {isa = PBXBuildFile; fileRef = 2FC459BF1F1768E100C84DA7 /* SDWebImageDownloaderOperation.m */; };
		2FC459DB1F1768E100C84DA7 /* SDWebImageManager.m in Sources */ = {isa = PBXBuildFile; fileRef = 2FC459C11F1768E100C84DA7 /* SDWebImageManager.m */; };
		2FC459DC1F1768E100C84DA7 /* SDWebImagePrefetcher.m in Sources */ = {isa = PBXBuildFile; fileRef = 2FC459C41F1768E100C84DA7 /* SDWebImagePrefetcher.m */; };
		2FC459DD1F1768E100C84DA7 /* UIButton+WebCache.m in Sources */ = {isa = PBXBuildFile; fileRef = 2FC459C61F1768E100C84DA7 /* UIButton+WebCache.m */; };
		2FC459DE1F1768E100C84DA7 /* UIImage+GIF.m in Sources */ = {isa = PBXBuildFile; fileRef = 2FC459C81F1768E100C84DA7 /* UIImage+GIF.m */; };
		2FC459DF1F1768E100C84DA7 /* UIImage+MultiFormat.m in Sources */ = {isa = PBXBuildFile; fileRef = 2FC459CA1F1768E100C84DA7 /* UIImage+MultiFormat.m */; };
		2FC459E01F1768E100C84DA7 /* UIImageView+HighlightedWebCache.m in Sources */ = {isa = PBXBuildFile; fileRef = 2FC459CC1F1768E100C84DA7 /* UIImageView+HighlightedWebCache.m */; };
		2FC459E11F1768E100C84DA7 /* UIImageView+WebCache.m in Sources */ = {isa = PBXBuildFile; fileRef = 2FC459CE1F1768E100C84DA7 /* UIImageView+WebCache.m */; };
		2FC459E21F1768E100C84DA7 /* UIView+WebCache.m in Sources */ = {isa = PBXBuildFile; fileRef = 2FC459D01F1768E100C84DA7 /* UIView+WebCache.m */; };
		2FC459E31F1768E100C84DA7 /* UIView+WebCacheOperation.m in Sources */ = {isa = PBXBuildFile; fileRef = 2FC459D21F1768E100C84DA7 /* UIView+WebCacheOperation.m */; };
		2FC459E71F176FEB00C84DA7 /* YQPersonalHeadView.m in Sources */ = {isa = PBXBuildFile; fileRef = 2FC459E61F176FEB00C84DA7 /* YQPersonalHeadView.m */; };
		2FC459E91F17701E00C84DA7 /* YQPersonalHead.xib in Resources */ = {isa = PBXBuildFile; fileRef = 2FC459E81F17701E00C84DA7 /* YQPersonalHead.xib */; };
		2FC459EC1F17711100C84DA7 /* YQUserWorks.m in Sources */ = {isa = PBXBuildFile; fileRef = 2FC459EB1F17711100C84DA7 /* YQUserWorks.m */; };
		2FC459EE1F17713600C84DA7 /* YQUserWorks.xib in Resources */ = {isa = PBXBuildFile; fileRef = 2FC459ED1F17713600C84DA7 /* YQUserWorks.xib */; };
		2FC459F41F17723600C84DA7 /* YQLatestSharing.m in Sources */ = {isa = PBXBuildFile; fileRef = 2FC459F31F17723600C84DA7 /* YQLatestSharing.m */; };
		2FC459F61F17724700C84DA7 /* YQLatestSharing.xib in Resources */ = {isa = PBXBuildFile; fileRef = 2FC459F51F17724700C84DA7 /* YQLatestSharing.xib */; };
		2FC459F91F1772EC00C84DA7 /* YQFriendsCreative.m in Sources */ = {isa = PBXBuildFile; fileRef = 2FC459F81F1772EC00C84DA7 /* YQFriendsCreative.m */; };
		2FC459FB1F17732F00C84DA7 /* YQFriendsCreative.xib in Resources */ = {isa = PBXBuildFile; fileRef = 2FC459FA1F17732F00C84DA7 /* YQFriendsCreative.xib */; };
		2FC459FE1F17737B00C84DA7 /* YQHotRecommendation.m in Sources */ = {isa = PBXBuildFile; fileRef = 2FC459FD1F17737B00C84DA7 /* YQHotRecommendation.m */; };
		2FC45A001F1773D000C84DA7 /* YQHotRecommentdation.xib in Resources */ = {isa = PBXBuildFile; fileRef = 2FC459FF1F1773D000C84DA7 /* YQHotRecommentdation.xib */; };
		2FC45A061F178FEF00C84DA7 /* 01.jpg in Resources */ = {isa = PBXBuildFile; fileRef = 2FC45A021F178FEF00C84DA7 /* 01.jpg */; };
		2FC45A071F178FEF00C84DA7 /* 02.jpg in Resources */ = {isa = PBXBuildFile; fileRef = 2FC45A031F178FEF00C84DA7 /* 02.jpg */; };
		2FC45A081F178FEF00C84DA7 /* 03.jpg in Resources */ = {isa = PBXBuildFile; fileRef = 2FC45A041F178FEF00C84DA7 /* 03.jpg */; };
		2FC45A091F178FEF00C84DA7 /* 04.jpg in Resources */ = {isa = PBXBuildFile; fileRef = 2FC45A051F178FEF00C84DA7 /* 04.jpg */; };
		2FD2030C1F147C27001A0CEB /* Main.storyboard in Resources */ = {isa = PBXBuildFile; fileRef = 2FD2030A1F147C27001A0CEB /* Main.storyboard */; };
		2FD2030E1F147C27001A0CEB /* Assets.xcassets in Resources */ = {isa = PBXBuildFile; fileRef = 2FD2030D1F147C27001A0CEB /* Assets.xcassets */; };
		2FD203111F147C27001A0CEB /* LaunchScreen.storyboard in Resources */ = {isa = PBXBuildFile; fileRef = 2FD2030F1F147C27001A0CEB /* LaunchScreen.storyboard */; };
		2FD2032E1F14817C001A0CEB /* AppDelegate.m in Sources */ = {isa = PBXBuildFile; fileRef = 2FD2032B1F14817C001A0CEB /* AppDelegate.m */; };
		2FD203331F148227001A0CEB /* Info.plist in Resources */ = {isa = PBXBuildFile; fileRef = 2FD203311F148227001A0CEB /* Info.plist */; };
		2FD203341F148227001A0CEB /* main.m in Sources */ = {isa = PBXBuildFile; fileRef = 2FD203321F148227001A0CEB /* main.m */; };
		2FD203371F148289001A0CEB /* YQHomeViewController.m in Sources */ = {isa = PBXBuildFile; fileRef = 2FD203361F148289001A0CEB /* YQHomeViewController.m */; };
		2FD203411F14857A001A0CEB /* YQtabBarViewController.m in Sources */ = {isa = PBXBuildFile; fileRef = 2FD203401F14857A001A0CEB /* YQtabBarViewController.m */; };
		2FD203441F14A02F001A0CEB /* YQTabBar.m in Sources */ = {isa = PBXBuildFile; fileRef = 2FD203431F14A02F001A0CEB /* YQTabBar.m */; };
		2FD203471F14AEA1001A0CEB /* YQMineViewController.m in Sources */ = {isa = PBXBuildFile; fileRef = 2FD203461F14AEA1001A0CEB /* YQMineViewController.m */; };
/* End PBXBuildFile section */

/* Begin PBXFileReference section */
		2F5011B41F1863FA00AF2E26 /* UIView+SDExtension.h */ = {isa = PBXFileReference; fileEncoding = 4; lastKnownFileType = sourcecode.c.h; path = "UIView+SDExtension.h"; sourceTree = "<group>"; };
		2F5011B51F1863FA00AF2E26 /* UIView+SDExtension.m */ = {isa = PBXFileReference; fileEncoding = 4; lastKnownFileType = sourcecode.c.objc; path = "UIView+SDExtension.m"; sourceTree = "<group>"; };
		2F5177D91F15B58900F63EC4 /* YQPersonalTableViewController.h */ = {isa = PBXFileReference; fileEncoding = 4; lastKnownFileType = sourcecode.c.h; path = YQPersonalTableViewController.h; sourceTree = "<group>"; };
		2F5177DA1F15B58900F63EC4 /* YQPersonalTableViewController.m */ = {isa = PBXFileReference; fileEncoding = 4; lastKnownFileType = sourcecode.c.objc; path = YQPersonalTableViewController.m; sourceTree = "<group>"; };
		2F5177DC1F15B5CF00F63EC4 /* YQEnterpriseTableViewController.h */ = {isa = PBXFileReference; fileEncoding = 4; lastKnownFileType = sourcecode.c.h; path = YQEnterpriseTableViewController.h; sourceTree = "<group>"; };
		2F5177DD1F15B5CF00F63EC4 /* YQEnterpriseTableViewController.m */ = {isa = PBXFileReference; fileEncoding = 4; lastKnownFileType = sourcecode.c.objc; path = YQEnterpriseTableViewController.m; sourceTree = "<group>"; };
		2F5177DF1F15BBE700F63EC4 /* YQHome.storyboard */ = {isa = PBXFileReference; fileEncoding = 4; lastKnownFileType = file.storyboard; path = YQHome.storyboard; sourceTree = "<group>"; };
		2F5177E11F15BE0600F63EC4 /* YQMine.storyboard */ = {isa = PBXFileReference; fileEncoding = 4; lastKnownFileType = file.storyboard; path = YQMine.storyboard; sourceTree = "<group>"; };
		2FC459691F171EE300C84DA7 /* YQCategoryView.h */ = {isa = PBXFileReference; fileEncoding = 4; lastKnownFileType = sourcecode.c.h; path = YQCategoryView.h; sourceTree = "<group>"; };
		2FC4596A1F171EE300C84DA7 /* YQCategoryView.m */ = {isa = PBXFileReference; fileEncoding = 4; lastKnownFileType = sourcecode.c.objc; path = YQCategoryView.m; sourceTree = "<group>"; };
		2FC4596C1F171F0300C84DA7 /* YQCategory.xib */ = {isa = PBXFileReference; fileEncoding = 4; lastKnownFileType = file.xib; path = YQCategory.xib; sourceTree = "<group>"; };
		2FC459701F1747CE00C84DA7 /* MASCompositeConstraint.h */ = {isa = PBXFileReference; fileEncoding = 4; lastKnownFileType = sourcecode.c.h; path = MASCompositeConstraint.h; sourceTree = "<group>"; };
		2FC459711F1747CE00C84DA7 /* MASCompositeConstraint.m */ = {isa = PBXFileReference; fileEncoding = 4; lastKnownFileType = sourcecode.c.objc; path = MASCompositeConstraint.m; sourceTree = "<group>"; };
		2FC459721F1747CE00C84DA7 /* MASConstraint+Private.h */ = {isa = PBXFileReference; fileEncoding = 4; lastKnownFileType = sourcecode.c.h; path = "MASConstraint+Private.h"; sourceTree = "<group>"; };
		2FC459731F1747CE00C84DA7 /* MASConstraint.h */ = {isa = PBXFileReference; fileEncoding = 4; lastKnownFileType = sourcecode.c.h; path = MASConstraint.h; sourceTree = "<group>"; };
		2FC459741F1747CE00C84DA7 /* MASConstraint.m */ = {isa = PBXFileReference; fileEncoding = 4; lastKnownFileType = sourcecode.c.objc; path = MASConstraint.m; sourceTree = "<group>"; };
		2FC459751F1747CE00C84DA7 /* MASConstraintMaker.h */ = {isa = PBXFileReference; fileEncoding = 4; lastKnownFileType = sourcecode.c.h; path = MASConstraintMaker.h; sourceTree = "<group>"; };
		2FC459761F1747CE00C84DA7 /* MASConstraintMaker.m */ = {isa = PBXFileReference; fileEncoding = 4; lastKnownFileType = sourcecode.c.objc; path = MASConstraintMaker.m; sourceTree = "<group>"; };
		2FC459771F1747CE00C84DA7 /* MASLayoutConstraint.h */ = {isa = PBXFileReference; fileEncoding = 4; lastKnownFileType = sourcecode.c.h; path = MASLayoutConstraint.h; sourceTree = "<group>"; };
		2FC459781F1747CE00C84DA7 /* MASLayoutConstraint.m */ = {isa = PBXFileReference; fileEncoding = 4; lastKnownFileType = sourcecode.c.objc; path = MASLayoutConstraint.m; sourceTree = "<group>"; };
		2FC459791F1747CE00C84DA7 /* Masonry.h */ = {isa = PBXFileReference; fileEncoding = 4; lastKnownFileType = sourcecode.c.h; path = Masonry.h; sourceTree = "<group>"; };
		2FC4597A1F1747CE00C84DA7 /* MASUtilities.h */ = {isa = PBXFileReference; fileEncoding = 4; lastKnownFileType = sourcecode.c.h; path = MASUtilities.h; sourceTree = "<group>"; };
		2FC4597B1F1747CE00C84DA7 /* MASViewAttribute.h */ = {isa = PBXFileReference; fileEncoding = 4; lastKnownFileType = sourcecode.c.h; path = MASViewAttribute.h; sourceTree = "<group>"; };
		2FC4597C1F1747CE00C84DA7 /* MASViewAttribute.m */ = {isa = PBXFileReference; fileEncoding = 4; lastKnownFileType = sourcecode.c.objc; path = MASViewAttribute.m; sourceTree = "<group>"; };
		2FC4597D1F1747CE00C84DA7 /* MASViewConstraint.h */ = {isa = PBXFileReference; fileEncoding = 4; lastKnownFileType = sourcecode.c.h; path = MASViewConstraint.h; sourceTree = "<group>"; };
		2FC4597E1F1747CE00C84DA7 /* MASViewConstraint.m */ = {isa = PBXFileReference; fileEncoding = 4; lastKnownFileType = sourcecode.c.objc; path = MASViewConstraint.m; sourceTree = "<group>"; };
		2FC4597F1F1747CE00C84DA7 /* NSArray+MASAdditions.h */ = {isa = PBXFileReference; fileEncoding = 4; lastKnownFileType = sourcecode.c.h; path = "NSArray+MASAdditions.h"; sourceTree = "<group>"; };
		2FC459801F1747CE00C84DA7 /* NSArray+MASAdditions.m */ = {isa = PBXFileReference; fileEncoding = 4; lastKnownFileType = sourcecode.c.objc; path = "NSArray+MASAdditions.m"; sourceTree = "<group>"; };
		2FC459811F1747CE00C84DA7 /* NSArray+MASShorthandAdditions.h */ = {isa = PBXFileReference; fileEncoding = 4; lastKnownFileType = sourcecode.c.h; path = "NSArray+MASShorthandAdditions.h"; sourceTree = "<group>"; };
		2FC459821F1747CE00C84DA7 /* NSLayoutConstraint+MASDebugAdditions.h */ = {isa = PBXFileReference; fileEncoding = 4; lastKnownFileType = sourcecode.c.h; path = "NSLayoutConstraint+MASDebugAdditions.h"; sourceTree = "<group>"; };
		2FC459831F1747CE00C84DA7 /* NSLayoutConstraint+MASDebugAdditions.m */ = {isa = PBXFileReference; fileEncoding = 4; lastKnownFileType = sourcecode.c.objc; path = "NSLayoutConstraint+MASDebugAdditions.m"; sourceTree = "<group>"; };
		2FC459841F1747CE00C84DA7 /* View+MASAdditions.h */ = {isa = PBXFileReference; fileEncoding = 4; lastKnownFileType = sourcecode.c.h; path = "View+MASAdditions.h"; sourceTree = "<group>"; };
		2FC459851F1747CE00C84DA7 /* View+MASAdditions.m */ = {isa = PBXFileReference; fileEncoding = 4; lastKnownFileType = sourcecode.c.objc; path = "View+MASAdditions.m"; sourceTree = "<group>"; };
		2FC459861F1747CE00C84DA7 /* View+MASShorthandAdditions.h */ = {isa = PBXFileReference; fileEncoding = 4; lastKnownFileType = sourcecode.c.h; path = "View+MASShorthandAdditions.h"; sourceTree = "<group>"; };
		2FC459871F1747CE00C84DA7 /* ViewController+MASAdditions.h */ = {isa = PBXFileReference; fileEncoding = 4; lastKnownFileType = sourcecode.c.h; path = "ViewController+MASAdditions.h"; sourceTree = "<group>"; };
		2FC459881F1747CE00C84DA7 /* ViewController+MASAdditions.m */ = {isa = PBXFileReference; fileEncoding = 4; lastKnownFileType = sourcecode.c.objc; path = "ViewController+MASAdditions.m"; sourceTree = "<group>"; };
		2FC459931F1761E000C84DA7 /* YQPersonal.storyboard */ = {isa = PBXFileReference; fileEncoding = 4; lastKnownFileType = file.storyboard; path = YQPersonal.storyboard; sourceTree = "<group>"; };
		2FC459951F17684D00C84DA7 /* YQCycleView.h */ = {isa = PBXFileReference; fileEncoding = 4; lastKnownFileType = sourcecode.c.h; path = YQCycleView.h; sourceTree = "<group>"; };
		2FC459961F17684D00C84DA7 /* YQCycleView.m */ = {isa = PBXFileReference; fileEncoding = 4; lastKnownFileType = sourcecode.c.objc; path = YQCycleView.m; sourceTree = "<group>"; };
		2FC4599A1F17687300C84DA7 /* TAAbstractDotView.h */ = {isa = PBXFileReference; fileEncoding = 4; lastKnownFileType = sourcecode.c.h; path = TAAbstractDotView.h; sourceTree = "<group>"; };
		2FC4599B1F17687300C84DA7 /* TAAbstractDotView.m */ = {isa = PBXFileReference; fileEncoding = 4; lastKnownFileType = sourcecode.c.objc; path = TAAbstractDotView.m; sourceTree = "<group>"; };
		2FC4599C1F17687300C84DA7 /* TAAnimatedDotView.h */ = {isa = PBXFileReference; fileEncoding = 4; lastKnownFileType = sourcecode.c.h; path = TAAnimatedDotView.h; sourceTree = "<group>"; };
		2FC4599D1F17687300C84DA7 /* TAAnimatedDotView.m */ = {isa = PBXFileReference; fileEncoding = 4; lastKnownFileType = sourcecode.c.objc; path = TAAnimatedDotView.m; sourceTree = "<group>"; };
		2FC4599E1F17687300C84DA7 /* TADotView.h */ = {isa = PBXFileReference; fileEncoding = 4; lastKnownFileType = sourcecode.c.h; path = TADotView.h; sourceTree = "<group>"; };
		2FC4599F1F17687300C84DA7 /* TADotView.m */ = {isa = PBXFileReference; fileEncoding = 4; lastKnownFileType = sourcecode.c.objc; path = TADotView.m; sourceTree = "<group>"; };
		2FC459A01F17687300C84DA7 /* TAPageControl.h */ = {isa = PBXFileReference; fileEncoding = 4; lastKnownFileType = sourcecode.c.h; path = TAPageControl.h; sourceTree = "<group>"; };
		2FC459A11F17687300C84DA7 /* TAPageControl.m */ = {isa = PBXFileReference; fileEncoding = 4; lastKnownFileType = sourcecode.c.objc; path = TAPageControl.m; sourceTree = "<group>"; };
		2FC459A21F17687300C84DA7 /* SDCollectionViewCell.h */ = {isa = PBXFileReference; fileEncoding = 4; lastKnownFileType = sourcecode.c.h; path = SDCollectionViewCell.h; sourceTree = "<group>"; };
		2FC459A31F17687300C84DA7 /* SDCollectionViewCell.m */ = {isa = PBXFileReference; fileEncoding = 4; lastKnownFileType = sourcecode.c.objc; path = SDCollectionViewCell.m; sourceTree = "<group>"; };
		2FC459A41F17687300C84DA7 /* SDCycleScrollView.h */ = {isa = PBXFileReference; fileEncoding = 4; lastKnownFileType = sourcecode.c.h; path = SDCycleScrollView.h; sourceTree = "<group>"; };
		2FC459A51F17687300C84DA7 /* SDCycleScrollView.m */ = {isa = PBXFileReference; fileEncoding = 4; lastKnownFileType = sourcecode.c.objc; path = SDCycleScrollView.m; sourceTree = "<group>"; };
		2FC459A61F17687300C84DA7 /* UIView+SDExtension.h */ = {isa = PBXFileReference; fileEncoding = 4; lastKnownFileType = sourcecode.c.h; path = "UIView+SDExtension.h"; sourceTree = "<group>"; };
		2FC459A71F17687300C84DA7 /* UIView+SDExtension.m */ = {isa = PBXFileReference; fileEncoding = 4; lastKnownFileType = sourcecode.c.objc; path = "UIView+SDExtension.m"; sourceTree = "<group>"; };
		2FC459B01F1768E100C84DA7 /* NSData+ImageContentType.h */ = {isa = PBXFileReference; fileEncoding = 4; lastKnownFileType = sourcecode.c.h; path = "NSData+ImageContentType.h"; sourceTree = "<group>"; };
		2FC459B11F1768E100C84DA7 /* NSData+ImageContentType.m */ = {isa = PBXFileReference; fileEncoding = 4; lastKnownFileType = sourcecode.c.objc; path = "NSData+ImageContentType.m"; sourceTree = "<group>"; };
		2FC459B21F1768E100C84DA7 /* NSImage+WebCache.h */ = {isa = PBXFileReference; fileEncoding = 4; lastKnownFileType = sourcecode.c.h; path = "NSImage+WebCache.h"; sourceTree = "<group>"; };
		2FC459B31F1768E100C84DA7 /* NSImage+WebCache.m */ = {isa = PBXFileReference; fileEncoding = 4; lastKnownFileType = sourcecode.c.objc; path = "NSImage+WebCache.m"; sourceTree = "<group>"; };
		2FC459B41F1768E100C84DA7 /* SDImageCache.h */ = {isa = PBXFileReference; fileEncoding = 4; lastKnownFileType = sourcecode.c.h; path = SDImageCache.h; sourceTree = "<group>"; };
		2FC459B51F1768E100C84DA7 /* SDImageCache.m */ = {isa = PBXFileReference; fileEncoding = 4; lastKnownFileType = sourcecode.c.objc; path = SDImageCache.m; sourceTree = "<group>"; };
		2FC459B61F1768E100C84DA7 /* SDImageCacheConfig.h */ = {isa = PBXFileReference; fileEncoding = 4; lastKnownFileType = sourcecode.c.h; path = SDImageCacheConfig.h; sourceTree = "<group>"; };
		2FC459B71F1768E100C84DA7 /* SDImageCacheConfig.m */ = {isa = PBXFileReference; fileEncoding = 4; lastKnownFileType = sourcecode.c.objc; path = SDImageCacheConfig.m; sourceTree = "<group>"; };
		2FC459B81F1768E100C84DA7 /* SDWebImageCompat.h */ = {isa = PBXFileReference; fileEncoding = 4; lastKnownFileType = sourcecode.c.h; path = SDWebImageCompat.h; sourceTree = "<group>"; };
		2FC459B91F1768E100C84DA7 /* SDWebImageCompat.m */ = {isa = PBXFileReference; fileEncoding = 4; lastKnownFileType = sourcecode.c.objc; path = SDWebImageCompat.m; sourceTree = "<group>"; };
		2FC459BA1F1768E100C84DA7 /* SDWebImageDecoder.h */ = {isa = PBXFileReference; fileEncoding = 4; lastKnownFileType = sourcecode.c.h; path = SDWebImageDecoder.h; sourceTree = "<group>"; };
		2FC459BB1F1768E100C84DA7 /* SDWebImageDecoder.m */ = {isa = PBXFileReference; fileEncoding = 4; lastKnownFileType = sourcecode.c.objc; path = SDWebImageDecoder.m; sourceTree = "<group>"; };
		2FC459BC1F1768E100C84DA7 /* SDWebImageDownloader.h */ = {isa = PBXFileReference; fileEncoding = 4; lastKnownFileType = sourcecode.c.h; path = SDWebImageDownloader.h; sourceTree = "<group>"; };
		2FC459BD1F1768E100C84DA7 /* SDWebImageDownloader.m */ = {isa = PBXFileReference; fileEncoding = 4; lastKnownFileType = sourcecode.c.objc; path = SDWebImageDownloader.m; sourceTree = "<group>"; };
		2FC459BE1F1768E100C84DA7 /* SDWebImageDownloaderOperation.h */ = {isa = PBXFileReference; fileEncoding = 4; lastKnownFileType = sourcecode.c.h; path = SDWebImageDownloaderOperation.h; sourceTree = "<group>"; };
		2FC459BF1F1768E100C84DA7 /* SDWebImageDownloaderOperation.m */ = {isa = PBXFileReference; fileEncoding = 4; lastKnownFileType = sourcecode.c.objc; path = SDWebImageDownloaderOperation.m; sourceTree = "<group>"; };
		2FC459C01F1768E100C84DA7 /* SDWebImageManager.h */ = {isa = PBXFileReference; fileEncoding = 4; lastKnownFileType = sourcecode.c.h; path = SDWebImageManager.h; sourceTree = "<group>"; };
		2FC459C11F1768E100C84DA7 /* SDWebImageManager.m */ = {isa = PBXFileReference; fileEncoding = 4; lastKnownFileType = sourcecode.c.objc; path = SDWebImageManager.m; sourceTree = "<group>"; };
		2FC459C21F1768E100C84DA7 /* SDWebImageOperation.h */ = {isa = PBXFileReference; fileEncoding = 4; lastKnownFileType = sourcecode.c.h; path = SDWebImageOperation.h; sourceTree = "<group>"; };
		2FC459C31F1768E100C84DA7 /* SDWebImagePrefetcher.h */ = {isa = PBXFileReference; fileEncoding = 4; lastKnownFileType = sourcecode.c.h; path = SDWebImagePrefetcher.h; sourceTree = "<group>"; };
		2FC459C41F1768E100C84DA7 /* SDWebImagePrefetcher.m */ = {isa = PBXFileReference; fileEncoding = 4; lastKnownFileType = sourcecode.c.objc; path = SDWebImagePrefetcher.m; sourceTree = "<group>"; };
		2FC459C51F1768E100C84DA7 /* UIButton+WebCache.h */ = {isa = PBXFileReference; fileEncoding = 4; lastKnownFileType = sourcecode.c.h; path = "UIButton+WebCache.h"; sourceTree = "<group>"; };
		2FC459C61F1768E100C84DA7 /* UIButton+WebCache.m */ = {isa = PBXFileReference; fileEncoding = 4; lastKnownFileType = sourcecode.c.objc; path = "UIButton+WebCache.m"; sourceTree = "<group>"; };
		2FC459C71F1768E100C84DA7 /* UIImage+GIF.h */ = {isa = PBXFileReference; fileEncoding = 4; lastKnownFileType = sourcecode.c.h; path = "UIImage+GIF.h"; sourceTree = "<group>"; };
		2FC459C81F1768E100C84DA7 /* UIImage+GIF.m */ = {isa = PBXFileReference; fileEncoding = 4; lastKnownFileType = sourcecode.c.objc; path = "UIImage+GIF.m"; sourceTree = "<group>"; };
		2FC459C91F1768E100C84DA7 /* UIImage+MultiFormat.h */ = {isa = PBXFileReference; fileEncoding = 4; lastKnownFileType = sourcecode.c.h; path = "UIImage+MultiFormat.h"; sourceTree = "<group>"; };
		2FC459CA1F1768E100C84DA7 /* UIImage+MultiFormat.m */ = {isa = PBXFileReference; fileEncoding = 4; lastKnownFileType = sourcecode.c.objc; path = "UIImage+MultiFormat.m"; sourceTree = "<group>"; };
		2FC459CB1F1768E100C84DA7 /* UIImageView+HighlightedWebCache.h */ = {isa = PBXFileReference; fileEncoding = 4; lastKnownFileType = sourcecode.c.h; path = "UIImageView+HighlightedWebCache.h"; sourceTree = "<group>"; };
		2FC459CC1F1768E100C84DA7 /* UIImageView+HighlightedWebCache.m */ = {isa = PBXFileReference; fileEncoding = 4; lastKnownFileType = sourcecode.c.objc; path = "UIImageView+HighlightedWebCache.m"; sourceTree = "<group>"; };
		2FC459CD1F1768E100C84DA7 /* UIImageView+WebCache.h */ = {isa = PBXFileReference; fileEncoding = 4; lastKnownFileType = sourcecode.c.h; path = "UIImageView+WebCache.h"; sourceTree = "<group>"; };
		2FC459CE1F1768E100C84DA7 /* UIImageView+WebCache.m */ = {isa = PBXFileReference; fileEncoding = 4; lastKnownFileType = sourcecode.c.objc; path = "UIImageView+WebCache.m"; sourceTree = "<group>"; };
		2FC459CF1F1768E100C84DA7 /* UIView+WebCache.h */ = {isa = PBXFileReference; fileEncoding = 4; lastKnownFileType = sourcecode.c.h; path = "UIView+WebCache.h"; sourceTree = "<group>"; };
		2FC459D01F1768E100C84DA7 /* UIView+WebCache.m */ = {isa = PBXFileReference; fileEncoding = 4; lastKnownFileType = sourcecode.c.objc; path = "UIView+WebCache.m"; sourceTree = "<group>"; };
		2FC459D11F1768E100C84DA7 /* UIView+WebCacheOperation.h */ = {isa = PBXFileReference; fileEncoding = 4; lastKnownFileType = sourcecode.c.h; path = "UIView+WebCacheOperation.h"; sourceTree = "<group>"; };
		2FC459D21F1768E100C84DA7 /* UIView+WebCacheOperation.m */ = {isa = PBXFileReference; fileEncoding = 4; lastKnownFileType = sourcecode.c.objc; path = "UIView+WebCacheOperation.m"; sourceTree = "<group>"; };
		2FC459E41F176D0900C84DA7 /* PrefixHeader.pch */ = {isa = PBXFileReference; lastKnownFileType = sourcecode.c.h; path = PrefixHeader.pch; sourceTree = "<group>"; };
		2FC459E51F176FEB00C84DA7 /* YQPersonalHeadView.h */ = {isa = PBXFileReference; fileEncoding = 4; lastKnownFileType = sourcecode.c.h; path = YQPersonalHeadView.h; sourceTree = "<group>"; };
		2FC459E61F176FEB00C84DA7 /* YQPersonalHeadView.m */ = {isa = PBXFileReference; fileEncoding = 4; lastKnownFileType = sourcecode.c.objc; path = YQPersonalHeadView.m; sourceTree = "<group>"; };
		2FC459E81F17701E00C84DA7 /* YQPersonalHead.xib */ = {isa = PBXFileReference; fileEncoding = 4; lastKnownFileType = file.xib; path = YQPersonalHead.xib; sourceTree = "<group>"; };
		2FC459EA1F17711100C84DA7 /* YQUserWorks.h */ = {isa = PBXFileReference; fileEncoding = 4; lastKnownFileType = sourcecode.c.h; path = YQUserWorks.h; sourceTree = "<group>"; };
		2FC459EB1F17711100C84DA7 /* YQUserWorks.m */ = {isa = PBXFileReference; fileEncoding = 4; lastKnownFileType = sourcecode.c.objc; path = YQUserWorks.m; sourceTree = "<group>"; };
		2FC459ED1F17713600C84DA7 /* YQUserWorks.xib */ = {isa = PBXFileReference; fileEncoding = 4; lastKnownFileType = file.xib; path = YQUserWorks.xib; sourceTree = "<group>"; };
		2FC459F21F17723600C84DA7 /* YQLatestSharing.h */ = {isa = PBXFileReference; fileEncoding = 4; lastKnownFileType = sourcecode.c.h; path = YQLatestSharing.h; sourceTree = "<group>"; };
		2FC459F31F17723600C84DA7 /* YQLatestSharing.m */ = {isa = PBXFileReference; fileEncoding = 4; lastKnownFileType = sourcecode.c.objc; path = YQLatestSharing.m; sourceTree = "<group>"; };
		2FC459F51F17724700C84DA7 /* YQLatestSharing.xib */ = {isa = PBXFileReference; fileEncoding = 4; lastKnownFileType = file.xib; path = YQLatestSharing.xib; sourceTree = "<group>"; };
		2FC459F71F1772EC00C84DA7 /* YQFriendsCreative.h */ = {isa = PBXFileReference; fileEncoding = 4; lastKnownFileType = sourcecode.c.h; path = YQFriendsCreative.h; sourceTree = "<group>"; };
		2FC459F81F1772EC00C84DA7 /* YQFriendsCreative.m */ = {isa = PBXFileReference; fileEncoding = 4; lastKnownFileType = sourcecode.c.objc; path = YQFriendsCreative.m; sourceTree = "<group>"; };
		2FC459FA1F17732F00C84DA7 /* YQFriendsCreative.xib */ = {isa = PBXFileReference; fileEncoding = 4; lastKnownFileType = file.xib; path = YQFriendsCreative.xib; sourceTree = "<group>"; };
		2FC459FC1F17737B00C84DA7 /* YQHotRecommendation.h */ = {isa = PBXFileReference; fileEncoding = 4; lastKnownFileType = sourcecode.c.h; path = YQHotRecommendation.h; sourceTree = "<group>"; };
		2FC459FD1F17737B00C84DA7 /* YQHotRecommendation.m */ = {isa = PBXFileReference; fileEncoding = 4; lastKnownFileType = sourcecode.c.objc; path = YQHotRecommendation.m; sourceTree = "<group>"; };
		2FC459FF1F1773D000C84DA7 /* YQHotRecommentdation.xib */ = {isa = PBXFileReference; fileEncoding = 4; lastKnownFileType = file.xib; path = YQHotRecommentdation.xib; sourceTree = "<group>"; };
		2FC45A021F178FEF00C84DA7 /* 01.jpg */ = {isa = PBXFileReference; lastKnownFileType = image.jpeg; path = 01.jpg; sourceTree = "<group>"; };
		2FC45A031F178FEF00C84DA7 /* 02.jpg */ = {isa = PBXFileReference; lastKnownFileType = image.jpeg; path = 02.jpg; sourceTree = "<group>"; };
		2FC45A041F178FEF00C84DA7 /* 03.jpg */ = {isa = PBXFileReference; lastKnownFileType = image.jpeg; path = 03.jpg; sourceTree = "<group>"; };
		2FC45A051F178FEF00C84DA7 /* 04.jpg */ = {isa = PBXFileReference; lastKnownFileType = image.jpeg; path = 04.jpg; sourceTree = "<group>"; };
		2FD202FE1F147C27001A0CEB /* CreativeCloud.app */ = {isa = PBXFileReference; explicitFileType = wrapper.application; includeInIndex = 0; path = CreativeCloud.app; sourceTree = BUILT_PRODUCTS_DIR; };
		2FD2030B1F147C27001A0CEB /* Base */ = {isa = PBXFileReference; lastKnownFileType = file.storyboard; name = Base; path = Base.lproj/Main.storyboard; sourceTree = "<group>"; };
		2FD2030D1F147C27001A0CEB /* Assets.xcassets */ = {isa = PBXFileReference; lastKnownFileType = folder.assetcatalog; path = Assets.xcassets; sourceTree = "<group>"; };
		2FD203101F147C27001A0CEB /* Base */ = {isa = PBXFileReference; lastKnownFileType = file.storyboard; name = Base; path = Base.lproj/LaunchScreen.storyboard; sourceTree = "<group>"; };
		2FD2032A1F14817C001A0CEB /* AppDelegate.h */ = {isa = PBXFileReference; fileEncoding = 4; lastKnownFileType = sourcecode.c.h; path = AppDelegate.h; sourceTree = "<group>"; };
		2FD2032B1F14817C001A0CEB /* AppDelegate.m */ = {isa = PBXFileReference; fileEncoding = 4; lastKnownFileType = sourcecode.c.objc; path = AppDelegate.m; sourceTree = "<group>"; };
		2FD203311F148227001A0CEB /* Info.plist */ = {isa = PBXFileReference; fileEncoding = 4; lastKnownFileType = text.plist.xml; path = Info.plist; sourceTree = "<group>"; };
		2FD203321F148227001A0CEB /* main.m */ = {isa = PBXFileReference; fileEncoding = 4; lastKnownFileType = sourcecode.c.objc; path = main.m; sourceTree = "<group>"; };
		2FD203351F148289001A0CEB /* YQHomeViewController.h */ = {isa = PBXFileReference; fileEncoding = 4; lastKnownFileType = sourcecode.c.h; path = YQHomeViewController.h; sourceTree = "<group>"; };
		2FD203361F148289001A0CEB /* YQHomeViewController.m */ = {isa = PBXFileReference; fileEncoding = 4; lastKnownFileType = sourcecode.c.objc; path = YQHomeViewController.m; sourceTree = "<group>"; };
		2FD2033F1F14857A001A0CEB /* YQtabBarViewController.h */ = {isa = PBXFileReference; fileEncoding = 4; lastKnownFileType = sourcecode.c.h; path = YQtabBarViewController.h; sourceTree = "<group>"; };
		2FD203401F14857A001A0CEB /* YQtabBarViewController.m */ = {isa = PBXFileReference; fileEncoding = 4; lastKnownFileType = sourcecode.c.objc; path = YQtabBarViewController.m; sourceTree = "<group>"; };
		2FD203421F14A02F001A0CEB /* YQTabBar.h */ = {isa = PBXFileReference; fileEncoding = 4; lastKnownFileType = sourcecode.c.h; path = YQTabBar.h; sourceTree = "<group>"; };
		2FD203431F14A02F001A0CEB /* YQTabBar.m */ = {isa = PBXFileReference; fileEncoding = 4; lastKnownFileType = sourcecode.c.objc; path = YQTabBar.m; sourceTree = "<group>"; };
		2FD203451F14AEA1001A0CEB /* YQMineViewController.h */ = {isa = PBXFileReference; fileEncoding = 4; lastKnownFileType = sourcecode.c.h; path = YQMineViewController.h; sourceTree = "<group>"; };
		2FD203461F14AEA1001A0CEB /* YQMineViewController.m */ = {isa = PBXFileReference; fileEncoding = 4; lastKnownFileType = sourcecode.c.objc; path = YQMineViewController.m; sourceTree = "<group>"; };
/* End PBXFileReference section */

/* Begin PBXFrameworksBuildPhase section */
		2FD202FB1F147C27001A0CEB /* Frameworks */ = {
			isa = PBXFrameworksBuildPhase;
			buildActionMask = 2147483647;
			files = (
			);
			runOnlyForDeploymentPostprocessing = 0;
		};
/* End PBXFrameworksBuildPhase section */

/* Begin PBXGroup section */
		2F5011B31F1863EF00AF2E26 /* Category */ = {
			isa = PBXGroup;
			children = (
				2F5011B41F1863FA00AF2E26 /* UIView+SDExtension.h */,
				2F5011B51F1863FA00AF2E26 /* UIView+SDExtension.m */,
			);
			path = Category;
			sourceTree = "<group>";
		};
		2FC4596E1F1747CE00C84DA7 /* Framework */ = {
			isa = PBXGroup;
			children = (
				2F5011B31F1863EF00AF2E26 /* Category */,
				2FC459AF1F1768E100C84DA7 /* SDWebImage */,
				2FC459981F17687300C84DA7 /* SDCycleScrollView */,
				2FC4596F1F1747CE00C84DA7 /* Masonry */,
			);
			name = Framework;
			path = CreativeCloud/Framework;
			sourceTree = "<group>";
		};
		2FC4596F1F1747CE00C84DA7 /* Masonry */ = {
			isa = PBXGroup;
			children = (
				2FC459701F1747CE00C84DA7 /* MASCompositeConstraint.h */,
				2FC459711F1747CE00C84DA7 /* MASCompositeConstraint.m */,
				2FC459721F1747CE00C84DA7 /* MASConstraint+Private.h */,
				2FC459731F1747CE00C84DA7 /* MASConstraint.h */,
				2FC459741F1747CE00C84DA7 /* MASConstraint.m */,
				2FC459751F1747CE00C84DA7 /* MASConstraintMaker.h */,
				2FC459761F1747CE00C84DA7 /* MASConstraintMaker.m */,
				2FC459771F1747CE00C84DA7 /* MASLayoutConstraint.h */,
				2FC459781F1747CE00C84DA7 /* MASLayoutConstraint.m */,
				2FC459791F1747CE00C84DA7 /* Masonry.h */,
				2FC4597A1F1747CE00C84DA7 /* MASUtilities.h */,
				2FC4597B1F1747CE00C84DA7 /* MASViewAttribute.h */,
				2FC4597C1F1747CE00C84DA7 /* MASViewAttribute.m */,
				2FC4597D1F1747CE00C84DA7 /* MASViewConstraint.h */,
				2FC4597E1F1747CE00C84DA7 /* MASViewConstraint.m */,
				2FC4597F1F1747CE00C84DA7 /* NSArray+MASAdditions.h */,
				2FC459801F1747CE00C84DA7 /* NSArray+MASAdditions.m */,
				2FC459811F1747CE00C84DA7 /* NSArray+MASShorthandAdditions.h */,
				2FC459821F1747CE00C84DA7 /* NSLayoutConstraint+MASDebugAdditions.h */,
				2FC459831F1747CE00C84DA7 /* NSLayoutConstraint+MASDebugAdditions.m */,
				2FC459841F1747CE00C84DA7 /* View+MASAdditions.h */,
				2FC459851F1747CE00C84DA7 /* View+MASAdditions.m */,
				2FC459861F1747CE00C84DA7 /* View+MASShorthandAdditions.h */,
				2FC459871F1747CE00C84DA7 /* ViewController+MASAdditions.h */,
				2FC459881F1747CE00C84DA7 /* ViewController+MASAdditions.m */,
			);
			path = Masonry;
			sourceTree = "<group>";
		};
		2FC459981F17687300C84DA7 /* SDCycleScrollView */ = {
			isa = PBXGroup;
			children = (
				2FC459991F17687300C84DA7 /* PageControl */,
				2FC459A21F17687300C84DA7 /* SDCollectionViewCell.h */,
				2FC459A31F17687300C84DA7 /* SDCollectionViewCell.m */,
				2FC459A41F17687300C84DA7 /* SDCycleScrollView.h */,
				2FC459A51F17687300C84DA7 /* SDCycleScrollView.m */,
				2FC459A61F17687300C84DA7 /* UIView+SDExtension.h */,
				2FC459A71F17687300C84DA7 /* UIView+SDExtension.m */,
			);
			path = SDCycleScrollView;
			sourceTree = "<group>";
		};
		2FC459991F17687300C84DA7 /* PageControl */ = {
			isa = PBXGroup;
			children = (
				2FC4599A1F17687300C84DA7 /* TAAbstractDotView.h */,
				2FC4599B1F17687300C84DA7 /* TAAbstractDotView.m */,
				2FC4599C1F17687300C84DA7 /* TAAnimatedDotView.h */,
				2FC4599D1F17687300C84DA7 /* TAAnimatedDotView.m */,
				2FC4599E1F17687300C84DA7 /* TADotView.h */,
				2FC4599F1F17687300C84DA7 /* TADotView.m */,
				2FC459A01F17687300C84DA7 /* TAPageControl.h */,
				2FC459A11F17687300C84DA7 /* TAPageControl.m */,
			);
			path = PageControl;
			sourceTree = "<group>";
		};
		2FC459AF1F1768E100C84DA7 /* SDWebImage */ = {
			isa = PBXGroup;
			children = (
				2FC459B01F1768E100C84DA7 /* NSData+ImageContentType.h */,
				2FC459B11F1768E100C84DA7 /* NSData+ImageContentType.m */,
				2FC459B21F1768E100C84DA7 /* NSImage+WebCache.h */,
				2FC459B31F1768E100C84DA7 /* NSImage+WebCache.m */,
				2FC459B41F1768E100C84DA7 /* SDImageCache.h */,
				2FC459B51F1768E100C84DA7 /* SDImageCache.m */,
				2FC459B61F1768E100C84DA7 /* SDImageCacheConfig.h */,
				2FC459B71F1768E100C84DA7 /* SDImageCacheConfig.m */,
				2FC459B81F1768E100C84DA7 /* SDWebImageCompat.h */,
				2FC459B91F1768E100C84DA7 /* SDWebImageCompat.m */,
				2FC459BA1F1768E100C84DA7 /* SDWebImageDecoder.h */,
				2FC459BB1F1768E100C84DA7 /* SDWebImageDecoder.m */,
				2FC459BC1F1768E100C84DA7 /* SDWebImageDownloader.h */,
				2FC459BD1F1768E100C84DA7 /* SDWebImageDownloader.m */,
				2FC459BE1F1768E100C84DA7 /* SDWebImageDownloaderOperation.h */,
				2FC459BF1F1768E100C84DA7 /* SDWebImageDownloaderOperation.m */,
				2FC459C01F1768E100C84DA7 /* SDWebImageManager.h */,
				2FC459C11F1768E100C84DA7 /* SDWebImageManager.m */,
				2FC459C21F1768E100C84DA7 /* SDWebImageOperation.h */,
				2FC459C31F1768E100C84DA7 /* SDWebImagePrefetcher.h */,
				2FC459C41F1768E100C84DA7 /* SDWebImagePrefetcher.m */,
				2FC459C51F1768E100C84DA7 /* UIButton+WebCache.h */,
				2FC459C61F1768E100C84DA7 /* UIButton+WebCache.m */,
				2FC459C71F1768E100C84DA7 /* UIImage+GIF.h */,
				2FC459C81F1768E100C84DA7 /* UIImage+GIF.m */,
				2FC459C91F1768E100C84DA7 /* UIImage+MultiFormat.h */,
				2FC459CA1F1768E100C84DA7 /* UIImage+MultiFormat.m */,
				2FC459CB1F1768E100C84DA7 /* UIImageView+HighlightedWebCache.h */,
				2FC459CC1F1768E100C84DA7 /* UIImageView+HighlightedWebCache.m */,
				2FC459CD1F1768E100C84DA7 /* UIImageView+WebCache.h */,
				2FC459CE1F1768E100C84DA7 /* UIImageView+WebCache.m */,
				2FC459CF1F1768E100C84DA7 /* UIView+WebCache.h */,
				2FC459D01F1768E100C84DA7 /* UIView+WebCache.m */,
				2FC459D11F1768E100C84DA7 /* UIView+WebCacheOperation.h */,
				2FC459D21F1768E100C84DA7 /* UIView+WebCacheOperation.m */,
			);
			path = SDWebImage;
			sourceTree = "<group>";
		};
		2FC45A011F178FEF00C84DA7 /* cycle */ = {
			isa = PBXGroup;
			children = (
				2FC45A021F178FEF00C84DA7 /* 01.jpg */,
				2FC45A031F178FEF00C84DA7 /* 02.jpg */,
				2FC45A041F178FEF00C84DA7 /* 03.jpg */,
				2FC45A051F178FEF00C84DA7 /* 04.jpg */,
			);
			path = cycle;
			sourceTree = "<group>";
		};
		2FD202F51F147C27001A0CEB = {
			isa = PBXGroup;
			children = (
				2FC45A011F178FEF00C84DA7 /* cycle */,
				2FC4596E1F1747CE00C84DA7 /* Framework */,
				2FD203001F147C27001A0CEB /* CreativeCloud */,
				2FD202FF1F147C27001A0CEB /* Products */,
			);
			sourceTree = "<group>";
		};
		2FD202FF1F147C27001A0CEB /* Products */ = {
			isa = PBXGroup;
			children = (
				2FD202FE1F147C27001A0CEB /* CreativeCloud.app */,
			);
			name = Products;
			sourceTree = "<group>";
		};
		2FD203001F147C27001A0CEB /* CreativeCloud */ = {
			isa = PBXGroup;
			children = (
				2FD2033C1F148516001A0CEB /* Tabbar */,
				2FD203381F148507001A0CEB /* Mine */,
				2FD203251F148167001A0CEB /* Home */,
				2FD203291F14817C001A0CEB /* Other */,
				2FD2030D1F147C27001A0CEB /* Assets.xcassets */,
				2FD203011F147C27001A0CEB /* Supporting Files */,
			);
			path = CreativeCloud;
			sourceTree = "<group>";
		};
		2FD203011F147C27001A0CEB /* Supporting Files */ = {
			isa = PBXGroup;
			children = (
				2FD203311F148227001A0CEB /* Info.plist */,
				2FD203321F148227001A0CEB /* main.m */,
				2FD2030F1F147C27001A0CEB /* LaunchScreen.storyboard */,
			);
			name = "Supporting Files";
			sourceTree = "<group>";
		};
		2FD203251F148167001A0CEB /* Home */ = {
			isa = PBXGroup;
			children = (
				2FD203261F148167001A0CEB /* Controller */,
				2FD203271F148167001A0CEB /* Model */,
				2FD203281F148167001A0CEB /* View */,
			);
			path = Home;
			sourceTree = "<group>";
		};
		2FD203261F148167001A0CEB /* Controller */ = {
			isa = PBXGroup;
			children = (
				2FD203351F148289001A0CEB /* YQHomeViewController.h */,
				2FD203361F148289001A0CEB /* YQHomeViewController.m */,
				2F5177DF1F15BBE700F63EC4 /* YQHome.storyboard */,
				2F5177D91F15B58900F63EC4 /* YQPersonalTableViewController.h */,
				2F5177DA1F15B58900F63EC4 /* YQPersonalTableViewController.m */,
				2FC459931F1761E000C84DA7 /* YQPersonal.storyboard */,
				2F5177DC1F15B5CF00F63EC4 /* YQEnterpriseTableViewController.h */,
				2F5177DD1F15B5CF00F63EC4 /* YQEnterpriseTableViewController.m */,
			);
			path = Controller;
			sourceTree = "<group>";
		};
		2FD203271F148167001A0CEB /* Model */ = {
			isa = PBXGroup;
			children = (
			);
			path = Model;
			sourceTree = "<group>";
		};
		2FD203281F148167001A0CEB /* View */ = {
			isa = PBXGroup;
			children = (
				2FC459951F17684D00C84DA7 /* YQCycleView.h */,
				2FC459961F17684D00C84DA7 /* YQCycleView.m */,
				2FC459E51F176FEB00C84DA7 /* YQPersonalHeadView.h */,
				2FC459E61F176FEB00C84DA7 /* YQPersonalHeadView.m */,
				2FC459E81F17701E00C84DA7 /* YQPersonalHead.xib */,
				2FC459EA1F17711100C84DA7 /* YQUserWorks.h */,
				2FC459EB1F17711100C84DA7 /* YQUserWorks.m */,
				2FC459ED1F17713600C84DA7 /* YQUserWorks.xib */,
				2FC459F21F17723600C84DA7 /* YQLatestSharing.h */,
				2FC459F31F17723600C84DA7 /* YQLatestSharing.m */,
				2FC459F51F17724700C84DA7 /* YQLatestSharing.xib */,
				2FC459F71F1772EC00C84DA7 /* YQFriendsCreative.h */,
				2FC459F81F1772EC00C84DA7 /* YQFriendsCreative.m */,
				2FC459FA1F17732F00C84DA7 /* YQFriendsCreative.xib */,
				2FC459FC1F17737B00C84DA7 /* YQHotRecommendation.h */,
				2FC459FD1F17737B00C84DA7 /* YQHotRecommendation.m */,
				2FC459FF1F1773D000C84DA7 /* YQHotRecommentdation.xib */,
				2FC459691F171EE300C84DA7 /* YQCategoryView.h */,
				2FC4596A1F171EE300C84DA7 /* YQCategoryView.m */,
				2FC4596C1F171F0300C84DA7 /* YQCategory.xib */,
			);
			path = View;
			sourceTree = "<group>";
		};
		2FD203291F14817C001A0CEB /* Other */ = {
			isa = PBXGroup;
			children = (
				2FD2032A1F14817C001A0CEB /* AppDelegate.h */,
				2FD2032B1F14817C001A0CEB /* AppDelegate.m */,
				2FD2030A1F147C27001A0CEB /* Main.storyboard */,
				2FC459E41F176D0900C84DA7 /* PrefixHeader.pch */,
			);
			path = Other;
			sourceTree = "<group>";
		};
		2FD203381F148507001A0CEB /* Mine */ = {
			isa = PBXGroup;
			children = (
				2FD203391F148507001A0CEB /* Controller */,
				2FD2033A1F148507001A0CEB /* Model */,
				2FD2033B1F148507001A0CEB /* View */,
			);
			path = Mine;
			sourceTree = "<group>";
		};
		2FD203391F148507001A0CEB /* Controller */ = {
			isa = PBXGroup;
			children = (
				2FD203451F14AEA1001A0CEB /* YQMineViewController.h */,
				2FD203461F14AEA1001A0CEB /* YQMineViewController.m */,
				2F5177E11F15BE0600F63EC4 /* YQMine.storyboard */,
			);
			path = Controller;
			sourceTree = "<group>";
		};
		2FD2033A1F148507001A0CEB /* Model */ = {
			isa = PBXGroup;
			children = (
			);
			path = Model;
			sourceTree = "<group>";
		};
		2FD2033B1F148507001A0CEB /* View */ = {
			isa = PBXGroup;
			children = (
			);
			path = View;
			sourceTree = "<group>";
		};
		2FD2033C1F148516001A0CEB /* Tabbar */ = {
			isa = PBXGroup;
			children = (
				2FD2033D1F148516001A0CEB /* Colltroller */,
				2FD2033E1F148516001A0CEB /* View */,
			);
			path = Tabbar;
			sourceTree = "<group>";
		};
		2FD2033D1F148516001A0CEB /* Colltroller */ = {
			isa = PBXGroup;
			children = (
				2FD2033F1F14857A001A0CEB /* YQtabBarViewController.h */,
				2FD203401F14857A001A0CEB /* YQtabBarViewController.m */,
			);
			path = Colltroller;
			sourceTree = "<group>";
		};
		2FD2033E1F148516001A0CEB /* View */ = {
			isa = PBXGroup;
			children = (
				2FD203421F14A02F001A0CEB /* YQTabBar.h */,
				2FD203431F14A02F001A0CEB /* YQTabBar.m */,
			);
			path = View;
			sourceTree = "<group>";
		};
/* End PBXGroup section */

/* Begin PBXNativeTarget section */
		2FD202FD1F147C27001A0CEB /* CreativeCloud */ = {
			isa = PBXNativeTarget;
			buildConfigurationList = 2FD203151F147C27001A0CEB /* Build configuration list for PBXNativeTarget "CreativeCloud" */;
			buildPhases = (
				2FD202FA1F147C27001A0CEB /* Sources */,
				2FD202FB1F147C27001A0CEB /* Frameworks */,
				2FD202FC1F147C27001A0CEB /* Resources */,
			);
			buildRules = (
			);
			dependencies = (
			);
			name = CreativeCloud;
			productName = CreativeCloud;
			productReference = 2FD202FE1F147C27001A0CEB /* CreativeCloud.app */;
			productType = "com.apple.product-type.application";
		};
/* End PBXNativeTarget section */

/* Begin PBXProject section */
		2FD202F61F147C27001A0CEB /* Project object */ = {
			isa = PBXProject;
			attributes = {
				CLASSPREFIX = YQ;
				LastUpgradeCheck = 0830;
				ORGANIZATIONNAME = "";
				TargetAttributes = {
					2FD202FD1F147C27001A0CEB = {
						CreatedOnToolsVersion = 8.3.1;
						DevelopmentTeam = HVL2C5A8LT;
						ProvisioningStyle = Automatic;
					};
				};
			};
			buildConfigurationList = 2FD202F91F147C27001A0CEB /* Build configuration list for PBXProject "CreativeCloud" */;
			compatibilityVersion = "Xcode 3.2";
			developmentRegion = English;
			hasScannedForEncodings = 0;
			knownRegions = (
				en,
				Base,
			);
			mainGroup = 2FD202F51F147C27001A0CEB;
			productRefGroup = 2FD202FF1F147C27001A0CEB /* Products */;
			projectDirPath = "";
			projectRoot = "";
			targets = (
				2FD202FD1F147C27001A0CEB /* CreativeCloud */,
			);
		};
/* End PBXProject section */

/* Begin PBXResourcesBuildPhase section */
		2FD202FC1F147C27001A0CEB /* Resources */ = {
			isa = PBXResourcesBuildPhase;
			buildActionMask = 2147483647;
			files = (
				2FD203111F147C27001A0CEB /* LaunchScreen.storyboard in Resources */,
				2FC459E91F17701E00C84DA7 /* YQPersonalHead.xib in Resources */,
				2FC45A091F178FEF00C84DA7 /* 04.jpg in Resources */,
				2F5177E21F15BE0600F63EC4 /* YQMine.storyboard in Resources */,
				2FC459941F1761E000C84DA7 /* YQPersonal.storyboard in Resources */,
				2FD2030E1F147C27001A0CEB /* Assets.xcassets in Resources */,
				2FD2030C1F147C27001A0CEB /* Main.storyboard in Resources */,
				2FC45A061F178FEF00C84DA7 /* 01.jpg in Resources */,
				2FC459FB1F17732F00C84DA7 /* YQFriendsCreative.xib in Resources */,
				2FC45A081F178FEF00C84DA7 /* 03.jpg in Resources */,
				2F5177E01F15BBE700F63EC4 /* YQHome.storyboard in Resources */,
				2FC459F61F17724700C84DA7 /* YQLatestSharing.xib in Resources */,
				2FC45A071F178FEF00C84DA7 /* 02.jpg in Resources */,
				2FC45A001F1773D000C84DA7 /* YQHotRecommentdation.xib in Resources */,
				2FC459EE1F17713600C84DA7 /* YQUserWorks.xib in Resources */,
				2FC4596D1F171F0300C84DA7 /* YQCategory.xib in Resources */,
				2FD203331F148227001A0CEB /* Info.plist in Resources */,
			);
			runOnlyForDeploymentPostprocessing = 0;
		};
/* End PBXResourcesBuildPhase section */

/* Begin PBXSourcesBuildPhase section */
		2FD202FA1F147C27001A0CEB /* Sources */ = {
			isa = PBXSourcesBuildPhase;
			buildActionMask = 2147483647;
			files = (
				2FC459DE1F1768E100C84DA7 /* UIImage+GIF.m in Sources */,
				2FC4598E1F1747CE00C84DA7 /* MASViewConstraint.m in Sources */,
				2FC459D41F1768E100C84DA7 /* NSImage+WebCache.m in Sources */,
				2FD203441F14A02F001A0CEB /* YQTabBar.m in Sources */,
				2FC459E31F1768E100C84DA7 /* UIView+WebCacheOperation.m in Sources */,
				2FC4598D1F1747CE00C84DA7 /* MASViewAttribute.m in Sources */,
				2FD203411F14857A001A0CEB /* YQtabBarViewController.m in Sources */,
				2FC459AE1F17687300C84DA7 /* UIView+SDExtension.m in Sources */,
				2FC459E71F176FEB00C84DA7 /* YQPersonalHeadView.m in Sources */,
				2F5177DE1F15B5CF00F63EC4 /* YQEnterpriseTableViewController.m in Sources */,
				2FC459D61F1768E100C84DA7 /* SDImageCacheConfig.m in Sources */,
				2FC459EC1F17711100C84DA7 /* YQUserWorks.m in Sources */,
				2FC459AB1F17687300C84DA7 /* TAPageControl.m in Sources */,
				2FC459D71F1768E100C84DA7 /* SDWebImageCompat.m in Sources */,
				2FC4596B1F171EE300C84DA7 /* YQCategoryView.m in Sources */,
				2FC459DC1F1768E100C84DA7 /* SDWebImagePrefetcher.m in Sources */,
				2FC459DA1F1768E100C84DA7 /* SDWebImageDownloaderOperation.m in Sources */,
				2FC459891F1747CE00C84DA7 /* MASCompositeConstraint.m in Sources */,
				2FC459D91F1768E100C84DA7 /* SDWebImageDownloader.m in Sources */,
				2FC4598B1F1747CE00C84DA7 /* MASConstraintMaker.m in Sources */,
				2FC459911F1747CE00C84DA7 /* View+MASAdditions.m in Sources */,
				2FC4598C1F1747CE00C84DA7 /* MASLayoutConstraint.m in Sources */,
				2FC459F91F1772EC00C84DA7 /* YQFriendsCreative.m in Sources */,
				2F5011B61F1863FA00AF2E26 /* UIView+SDExtension.m in Sources */,
				2FC459A91F17687300C84DA7 /* TAAnimatedDotView.m in Sources */,
				2FC459D81F1768E100C84DA7 /* SDWebImageDecoder.m in Sources */,
				2FC459AA1F17687300C84DA7 /* TADotView.m in Sources */,
				2FC459A81F17687300C84DA7 /* TAAbstractDotView.m in Sources */,
				2FC459DB1F1768E100C84DA7 /* SDWebImageManager.m in Sources */,
				2FC459921F1747CE00C84DA7 /* ViewController+MASAdditions.m in Sources */,
				2FC459E21F1768E100C84DA7 /* UIView+WebCache.m in Sources */,
				2FC4598A1F1747CE00C84DA7 /* MASConstraint.m in Sources */,
				2FC459FE1F17737B00C84DA7 /* YQHotRecommendation.m in Sources */,
				2FD203341F148227001A0CEB /* main.m in Sources */,
				2FC459D51F1768E100C84DA7 /* SDImageCache.m in Sources */,
				2FC459D31F1768E100C84DA7 /* NSData+ImageContentType.m in Sources */,
				2FC459AD1F17687300C84DA7 /* SDCycleScrollView.m in Sources */,
				2FC459971F17684D00C84DA7 /* YQCycleView.m in Sources */,
				2FC459F41F17723600C84DA7 /* YQLatestSharing.m in Sources */,
				2FC459AC1F17687300C84DA7 /* SDCollectionViewCell.m in Sources */,
				2FC459E11F1768E100C84DA7 /* UIImageView+WebCache.m in Sources */,
				2FC459DF1F1768E100C84DA7 /* UIImage+MultiFormat.m in Sources */,
				2FC459DD1F1768E100C84DA7 /* UIButton+WebCache.m in Sources */,
				2FD2032E1F14817C001A0CEB /* AppDelegate.m in Sources */,
				2FC4598F1F1747CE00C84DA7 /* NSArray+MASAdditions.m in Sources */,
				2FC459901F1747CE00C84DA7 /* NSLayoutConstraint+MASDebugAdditions.m in Sources */,
				2FD203371F148289001A0CEB /* YQHomeViewController.m in Sources */,
				2FC459E01F1768E100C84DA7 /* UIImageView+HighlightedWebCache.m in Sources */,
				2FD203471F14AEA1001A0CEB /* YQMineViewController.m in Sources */,
				2F5177DB1F15B58900F63EC4 /* YQPersonalTableViewController.m in Sources */,
			);
			runOnlyForDeploymentPostprocessing = 0;
		};
/* End PBXSourcesBuildPhase section */

/* Begin PBXVariantGroup section */
		2FD2030A1F147C27001A0CEB /* Main.storyboard */ = {
			isa = PBXVariantGroup;
			children = (
				2FD2030B1F147C27001A0CEB /* Base */,
			);
			name = Main.storyboard;
			path = ..;
			sourceTree = "<group>";
		};
		2FD2030F1F147C27001A0CEB /* LaunchScreen.storyboard */ = {
			isa = PBXVariantGroup;
			children = (
				2FD203101F147C27001A0CEB /* Base */,
			);
			name = LaunchScreen.storyboard;
			sourceTree = "<group>";
		};
/* End PBXVariantGroup section */

/* Begin XCBuildConfiguration section */
		2FD203131F147C27001A0CEB /* Debug */ = {
			isa = XCBuildConfiguration;
			buildSettings = {
				ALWAYS_SEARCH_USER_PATHS = NO;
				CLANG_ANALYZER_NONNULL = YES;
				CLANG_ANALYZER_NUMBER_OBJECT_CONVERSION = YES_AGGRESSIVE;
				CLANG_CXX_LANGUAGE_STANDARD = "gnu++0x";
				CLANG_CXX_LIBRARY = "libc++";
				CLANG_ENABLE_MODULES = YES;
				CLANG_ENABLE_OBJC_ARC = YES;
				CLANG_WARN_BOOL_CONVERSION = YES;
				CLANG_WARN_CONSTANT_CONVERSION = YES;
				CLANG_WARN_DIRECT_OBJC_ISA_USAGE = YES_ERROR;
				CLANG_WARN_DOCUMENTATION_COMMENTS = YES;
				CLANG_WARN_EMPTY_BODY = YES;
				CLANG_WARN_ENUM_CONVERSION = YES;
				CLANG_WARN_INFINITE_RECURSION = YES;
				CLANG_WARN_INT_CONVERSION = YES;
				CLANG_WARN_OBJC_ROOT_CLASS = YES_ERROR;
				CLANG_WARN_SUSPICIOUS_MOVE = YES;
				CLANG_WARN_UNREACHABLE_CODE = YES;
				CLANG_WARN__DUPLICATE_METHOD_MATCH = YES;
				"CODE_SIGN_IDENTITY[sdk=iphoneos*]" = "iPhone Developer";
				COPY_PHASE_STRIP = NO;
				DEBUG_INFORMATION_FORMAT = dwarf;
				ENABLE_STRICT_OBJC_MSGSEND = YES;
				ENABLE_TESTABILITY = YES;
				GCC_C_LANGUAGE_STANDARD = gnu99;
				GCC_DYNAMIC_NO_PIC = NO;
				GCC_NO_COMMON_BLOCKS = YES;
				GCC_OPTIMIZATION_LEVEL = 0;
				GCC_PREPROCESSOR_DEFINITIONS = (
					"DEBUG=1",
					"$(inherited)",
				);
				GCC_WARN_64_TO_32_BIT_CONVERSION = YES;
				GCC_WARN_ABOUT_RETURN_TYPE = YES_ERROR;
				GCC_WARN_UNDECLARED_SELECTOR = YES;
				GCC_WARN_UNINITIALIZED_AUTOS = YES_AGGRESSIVE;
				GCC_WARN_UNUSED_FUNCTION = YES;
				GCC_WARN_UNUSED_VARIABLE = YES;
				IPHONEOS_DEPLOYMENT_TARGET = 10.3;
				MTL_ENABLE_DEBUG_INFO = YES;
				ONLY_ACTIVE_ARCH = YES;
				SDKROOT = iphoneos;
				TARGETED_DEVICE_FAMILY = "1,2";
			};
			name = Debug;
		};
		2FD203141F147C27001A0CEB /* Release */ = {
			isa = XCBuildConfiguration;
			buildSettings = {
				ALWAYS_SEARCH_USER_PATHS = NO;
				CLANG_ANALYZER_NONNULL = YES;
				CLANG_ANALYZER_NUMBER_OBJECT_CONVERSION = YES_AGGRESSIVE;
				CLANG_CXX_LANGUAGE_STANDARD = "gnu++0x";
				CLANG_CXX_LIBRARY = "libc++";
				CLANG_ENABLE_MODULES = YES;
				CLANG_ENABLE_OBJC_ARC = YES;
				CLANG_WARN_BOOL_CONVERSION = YES;
				CLANG_WARN_CONSTANT_CONVERSION = YES;
				CLANG_WARN_DIRECT_OBJC_ISA_USAGE = YES_ERROR;
				CLANG_WARN_DOCUMENTATION_COMMENTS = YES;
				CLANG_WARN_EMPTY_BODY = YES;
				CLANG_WARN_ENUM_CONVERSION = YES;
				CLANG_WARN_INFINITE_RECURSION = YES;
				CLANG_WARN_INT_CONVERSION = YES;
				CLANG_WARN_OBJC_ROOT_CLASS = YES_ERROR;
				CLANG_WARN_SUSPICIOUS_MOVE = YES;
				CLANG_WARN_UNREACHABLE_CODE = YES;
				CLANG_WARN__DUPLICATE_METHOD_MATCH = YES;
				"CODE_SIGN_IDENTITY[sdk=iphoneos*]" = "iPhone Developer";
				COPY_PHASE_STRIP = NO;
				DEBUG_INFORMATION_FORMAT = "dwarf-with-dsym";
				ENABLE_NS_ASSERTIONS = NO;
				ENABLE_STRICT_OBJC_MSGSEND = YES;
				GCC_C_LANGUAGE_STANDARD = gnu99;
				GCC_NO_COMMON_BLOCKS = YES;
				GCC_WARN_64_TO_32_BIT_CONVERSION = YES;
				GCC_WARN_ABOUT_RETURN_TYPE = YES_ERROR;
				GCC_WARN_UNDECLARED_SELECTOR = YES;
				GCC_WARN_UNINITIALIZED_AUTOS = YES_AGGRESSIVE;
				GCC_WARN_UNUSED_FUNCTION = YES;
				GCC_WARN_UNUSED_VARIABLE = YES;
				IPHONEOS_DEPLOYMENT_TARGET = 10.3;
				MTL_ENABLE_DEBUG_INFO = NO;
				SDKROOT = iphoneos;
				TARGETED_DEVICE_FAMILY = "1,2";
				VALIDATE_PRODUCT = YES;
			};
			name = Release;
		};
		2FD203161F147C27001A0CEB /* Debug */ = {
			isa = XCBuildConfiguration;
			buildSettings = {
				ASSETCATALOG_COMPILER_APPICON_NAME = AppIcon;
				DEVELOPMENT_TEAM = HVL2C5A8LT;
				GCC_PREFIX_HEADER = "$(SRCROOT)/CreativeCloud/Other/PrefixHeader.pch";
				INFOPLIST_FILE = CreativeCloud/Info.plist;
				IPHONEOS_DEPLOYMENT_TARGET = 10.2;
				LD_RUNPATH_SEARCH_PATHS = "$(inherited) @executable_path/Frameworks";
				PRODUCT_BUNDLE_IDENTIFIER = HN.CreativeCloud;
				PRODUCT_NAME = "$(TARGET_NAME)";
			};
			name = Debug;
		};
		2FD203171F147C27001A0CEB /* Release */ = {
			isa = XCBuildConfiguration;
			buildSettings = {
				ASSETCATALOG_COMPILER_APPICON_NAME = AppIcon;
				DEVELOPMENT_TEAM = HVL2C5A8LT;
				GCC_PREFIX_HEADER = "$(SRCROOT)/CreativeCloud/Other/PrefixHeader.pch";
				INFOPLIST_FILE = CreativeCloud/Info.plist;
				IPHONEOS_DEPLOYMENT_TARGET = 10.2;
				LD_RUNPATH_SEARCH_PATHS = "$(inherited) @executable_path/Frameworks";
				PRODUCT_BUNDLE_IDENTIFIER = HN.CreativeCloud;
				PRODUCT_NAME = "$(TARGET_NAME)";
			};
			name = Release;
		};
/* End XCBuildConfiguration section */

/* Begin XCConfigurationList section */
		2FD202F91F147C27001A0CEB /* Build configuration list for PBXProject "CreativeCloud" */ = {
			isa = XCConfigurationList;
			buildConfigurations = (
				2FD203131F147C27001A0CEB /* Debug */,
				2FD203141F147C27001A0CEB /* Release */,
			);
			defaultConfigurationIsVisible = 0;
			defaultConfigurationName = Release;
		};
		2FD203151F147C27001A0CEB /* Build configuration list for PBXNativeTarget "CreativeCloud" */ = {
			isa = XCConfigurationList;
			buildConfigurations = (
				2FD203161F147C27001A0CEB /* Debug */,
				2FD203171F147C27001A0CEB /* Release */,
			);
			defaultConfigurationIsVisible = 0;
			defaultConfigurationName = Release;
		};
/* End XCConfigurationList section */
	};
	rootObject = 2FD202F61F147C27001A0CEB /* Project object */;
}
